// !$*UTF8*$!
{
	archiveVersion = 1;
	classes = {
	};
	objectVersion = 50;
	objects = {

/* Begin PBXBuildFile section */
		C83A427620F9836100B0A804 /* AppDelegate.swift in Sources */ = {isa = PBXBuildFile; fileRef = C83A427520F9836100B0A804 /* AppDelegate.swift */; };
		C83A427820F9836100B0A804 /* ViewController.swift in Sources */ = {isa = PBXBuildFile; fileRef = C83A427720F9836100B0A804 /* ViewController.swift */; };
		C83A427B20F9836100B0A804 /* Main.storyboard in Resources */ = {isa = PBXBuildFile; fileRef = C83A427920F9836100B0A804 /* Main.storyboard */; };
		C83A427D20F9836100B0A804 /* Assets.xcassets in Resources */ = {isa = PBXBuildFile; fileRef = C83A427C20F9836100B0A804 /* Assets.xcassets */; };
		C83A428020F9836100B0A804 /* LaunchScreen.storyboard in Resources */ = {isa = PBXBuildFile; fileRef = C83A427E20F9836100B0A804 /* LaunchScreen.storyboard */; };
		C83A428920F98CD500B0A804 /* PreviewViewController.swift in Sources */ = {isa = PBXBuildFile; fileRef = C83A428720F9884F00B0A804 /* PreviewViewController.swift */; };
		C8EF393021039F350018EAC2 /* Default-568h@2x.png in Resources */ = {isa = PBXBuildFile; fileRef = C8EF392F21039F350018EAC2 /* Default-568h@2x.png */; };
/* End PBXBuildFile section */

/* Begin PBXFileReference section */
		C83A427220F9836100B0A804 /* DermatologyCamera.app */ = {isa = PBXFileReference; explicitFileType = wrapper.application; includeInIndex = 0; path = DermatologyCamera.app; sourceTree = BUILT_PRODUCTS_DIR; };
		C83A427520F9836100B0A804 /* AppDelegate.swift */ = {isa = PBXFileReference; lastKnownFileType = sourcecode.swift; path = AppDelegate.swift; sourceTree = "<group>"; };
		C83A427720F9836100B0A804 /* ViewController.swift */ = {isa = PBXFileReference; lastKnownFileType = sourcecode.swift; path = ViewController.swift; sourceTree = "<group>"; };
		C83A427A20F9836100B0A804 /* Base */ = {isa = PBXFileReference; lastKnownFileType = file.storyboard; name = Base; path = Base.lproj/Main.storyboard; sourceTree = "<group>"; };
		C83A427C20F9836100B0A804 /* Assets.xcassets */ = {isa = PBXFileReference; lastKnownFileType = folder.assetcatalog; path = Assets.xcassets; sourceTree = "<group>"; };
		C83A427F20F9836100B0A804 /* Base */ = {isa = PBXFileReference; lastKnownFileType = file.storyboard; name = Base; path = Base.lproj/LaunchScreen.storyboard; sourceTree = "<group>"; };
		C83A428120F9836100B0A804 /* Info.plist */ = {isa = PBXFileReference; lastKnownFileType = text.plist.xml; path = Info.plist; sourceTree = "<group>"; };
		C83A428720F9884F00B0A804 /* PreviewViewController.swift */ = {isa = PBXFileReference; lastKnownFileType = sourcecode.swift; path = PreviewViewController.swift; sourceTree = "<group>"; };
		C8EF392F21039F350018EAC2 /* Default-568h@2x.png */ = {isa = PBXFileReference; lastKnownFileType = image.png; path = "Default-568h@2x.png"; sourceTree = "<group>"; };
/* End PBXFileReference section */

/* Begin PBXFrameworksBuildPhase section */
		C83A426F20F9836100B0A804 /* Frameworks */ = {
			isa = PBXFrameworksBuildPhase;
			buildActionMask = 2147483647;
			files = (
			);
			runOnlyForDeploymentPostprocessing = 0;
		};
/* End PBXFrameworksBuildPhase section */

/* Begin PBXGroup section */
		C8072E7520F9B2C500C4C16F /* Supporting Files */ = {
			isa = PBXGroup;
			children = (
				C83A427E20F9836100B0A804 /* LaunchScreen.storyboard */,
				C83A427C20F9836100B0A804 /* Assets.xcassets */,
				C83A427520F9836100B0A804 /* AppDelegate.swift */,
			);
			path = "Supporting Files";
			sourceTree = "<group>";
		};
		C83A426920F9836100B0A804 = {
			isa = PBXGroup;
			children = (
				C8EF392F21039F350018EAC2 /* Default-568h@2x.png */,
				C83A427420F9836100B0A804 /* DermatologyCamera */,
				C83A427320F9836100B0A804 /* Products */,
			);
			sourceTree = "<group>";
		};
		C83A427320F9836100B0A804 /* Products */ = {
			isa = PBXGroup;
			children = (
				C83A427220F9836100B0A804 /* DermatologyCamera.app */,
			);
			name = Products;
			sourceTree = "<group>";
		};
		C83A427420F9836100B0A804 /* DermatologyCamera */ = {
			isa = PBXGroup;
			children = (
				C83A427720F9836100B0A804 /* ViewController.swift */,
				C83A428720F9884F00B0A804 /* PreviewViewController.swift */,
				C83A427920F9836100B0A804 /* Main.storyboard */,
				C83A428120F9836100B0A804 /* Info.plist */,
				C8072E7520F9B2C500C4C16F /* Supporting Files */,
			);
			path = DermatologyCamera;
			sourceTree = "<group>";
		};
/* End PBXGroup section */

/* Begin PBXNativeTarget section */
		C83A427120F9836100B0A804 /* DermatologyCamera */ = {
			isa = PBXNativeTarget;
			buildConfigurationList = C83A428420F9836100B0A804 /* Build configuration list for PBXNativeTarget "DermatologyCamera" */;
			buildPhases = (
				C83A426E20F9836100B0A804 /* Sources */,
				C83A426F20F9836100B0A804 /* Frameworks */,
				C83A427020F9836100B0A804 /* Resources */,
			);
			buildRules = (
			);
			dependencies = (
			);
			name = DermatologyCamera;
			productName = "Dermatology Camera";
			productReference = C83A427220F9836100B0A804 /* DermatologyCamera.app */;
			productType = "com.apple.product-type.application";
		};
/* End PBXNativeTarget section */

/* Begin PBXProject section */
		C83A426A20F9836100B0A804 /* Project object */ = {
			isa = PBXProject;
			attributes = {
				LastSwiftUpdateCheck = 0940;
				LastUpgradeCheck = 0940;
				ORGANIZATIONNAME = "6connex China";
				TargetAttributes = {
					C83A427120F9836100B0A804 = {
						CreatedOnToolsVersion = 9.4.1;
					};
				};
			};
			buildConfigurationList = C83A426D20F9836100B0A804 /* Build configuration list for PBXProject "DermatologyCamera" */;
			compatibilityVersion = "Xcode 9.3";
			developmentRegion = en;
			hasScannedForEncodings = 0;
			knownRegions = (
				en,
				Base,
			);
			mainGroup = C83A426920F9836100B0A804;
			productRefGroup = C83A427320F9836100B0A804 /* Products */;
			projectDirPath = "";
			projectRoot = "";
			targets = (
				C83A427120F9836100B0A804 /* DermatologyCamera */,
			);
		};
/* End PBXProject section */

/* Begin PBXResourcesBuildPhase section */
		C83A427020F9836100B0A804 /* Resources */ = {
			isa = PBXResourcesBuildPhase;
			buildActionMask = 2147483647;
			files = (
				C83A428020F9836100B0A804 /* LaunchScreen.storyboard in Resources */,
				C8EF393021039F350018EAC2 /* Default-568h@2x.png in Resources */,
				C83A427D20F9836100B0A804 /* Assets.xcassets in Resources */,
				C83A427B20F9836100B0A804 /* Main.storyboard in Resources */,
			);
			runOnlyForDeploymentPostprocessing = 0;
		};
/* End PBXResourcesBuildPhase section */

/* Begin PBXSourcesBuildPhase section */
		C83A426E20F9836100B0A804 /* Sources */ = {
			isa = PBXSourcesBuildPhase;
			buildActionMask = 2147483647;
			files = (
				C83A427820F9836100B0A804 /* ViewController.swift in Sources */,
				C83A427620F9836100B0A804 /* AppDelegate.swift in Sources */,
				C83A428920F98CD500B0A804 /* PreviewViewController.swift in Sources */,
			);
			runOnlyForDeploymentPostprocessing = 0;
		};
/* End PBXSourcesBuildPhase section */

/* Begin PBXVariantGroup section */
		C83A427920F9836100B0A804 /* Main.storyboard */ = {
			isa = PBXVariantGroup;
			children = (
				C83A427A20F9836100B0A804 /* Base */,
			);
			name = Main.storyboard;
			sourceTree = "<group>";
		};
		C83A427E20F9836100B0A804 /* LaunchScreen.storyboard */ = {
			isa = PBXVariantGroup;
			children = (
				C83A427F20F9836100B0A804 /* Base */,
			);
			name = LaunchScreen.storyboard;
			sourceTree = "<group>";
		};
/* End PBXVariantGroup section */

/* Begin XCBuildConfiguration section */
		C83A428220F9836100B0A804 /* Debug */ = {
			isa = XCBuildConfiguration;
			buildSettings = {
				ALWAYS_SEARCH_USER_PATHS = NO;
				CLANG_ANALYZER_NONNULL = YES;
				CLANG_ANALYZER_NUMBER_OBJECT_CONVERSION = YES_AGGRESSIVE;
				CLANG_CXX_LANGUAGE_STANDARD = "gnu++14";
				CLANG_CXX_LIBRARY = "libc++";
				CLANG_ENABLE_MODULES = YES;
				CLANG_ENABLE_OBJC_ARC = YES;
				CLANG_ENABLE_OBJC_WEAK = YES;
				CLANG_WARN_BLOCK_CAPTURE_AUTORELEASING = YES;
				CLANG_WARN_BOOL_CONVERSION = YES;
				CLANG_WARN_COMMA = YES;
				CLANG_WARN_CONSTANT_CONVERSION = YES;
				CLANG_WARN_DEPRECATED_OBJC_IMPLEMENTATIONS = YES;
				CLANG_WARN_DIRECT_OBJC_ISA_USAGE = YES_ERROR;
				CLANG_WARN_DOCUMENTATION_COMMENTS = YES;
				CLANG_WARN_EMPTY_BODY = YES;
				CLANG_WARN_ENUM_CONVERSION = YES;
				CLANG_WARN_INFINITE_RECURSION = YES;
				CLANG_WARN_INT_CONVERSION = YES;
				CLANG_WARN_NON_LITERAL_NULL_CONVERSION = YES;
				CLANG_WARN_OBJC_IMPLICIT_RETAIN_SELF = YES;
				CLANG_WARN_OBJC_LITERAL_CONVERSION = YES;
				CLANG_WARN_OBJC_ROOT_CLASS = YES_ERROR;
				CLANG_WARN_RANGE_LOOP_ANALYSIS = YES;
				CLANG_WARN_STRICT_PROTOTYPES = YES;
				CLANG_WARN_SUSPICIOUS_MOVE = YES;
				CLANG_WARN_UNGUARDED_AVAILABILITY = YES_AGGRESSIVE;
				CLANG_WARN_UNREACHABLE_CODE = YES;
				CLANG_WARN__DUPLICATE_METHOD_MATCH = YES;
				CODE_SIGN_IDENTITY = "iPhone Developer";
				COPY_PHASE_STRIP = NO;
				DEBUG_INFORMATION_FORMAT = dwarf;
				ENABLE_STRICT_OBJC_MSGSEND = YES;
				ENABLE_TESTABILITY = YES;
				GCC_C_LANGUAGE_STANDARD = gnu11;
				GCC_DYNAMIC_NO_PIC = NO;
				GCC_NO_COMMON_BLOCKS = YES;
				GCC_OPTIMIZATION_LEVEL = 0;
				GCC_PREPROCESSOR_DEFINITIONS = (
					"DEBUG=1",
					"$(inherited)",
				);
				GCC_WARN_64_TO_32_BIT_CONVERSION = YES;
				GCC_WARN_ABOUT_RETURN_TYPE = YES_ERROR;
				GCC_WARN_UNDECLARED_SELECTOR = YES;
				GCC_WARN_UNINITIALIZED_AUTOS = YES_AGGRESSIVE;
				GCC_WARN_UNUSED_FUNCTION = YES;
				GCC_WARN_UNUSED_VARIABLE = YES;
				IPHONEOS_DEPLOYMENT_TARGET = 11.4;
				MTL_ENABLE_DEBUG_INFO = YES;
				ONLY_ACTIVE_ARCH = YES;
				SDKROOT = iphoneos;
				SWIFT_ACTIVE_COMPILATION_CONDITIONS = DEBUG;
				SWIFT_OPTIMIZATION_LEVEL = "-Onone";
			};
			name = Debug;
		};
		C83A428320F9836100B0A804 /* Release */ = {
			isa = XCBuildConfiguration;
			buildSettings = {
				ALWAYS_SEARCH_USER_PATHS = NO;
				CLANG_ANALYZER_NONNULL = YES;
				CLANG_ANALYZER_NUMBER_OBJECT_CONVERSION = YES_AGGRESSIVE;
				CLANG_CXX_LANGUAGE_STANDARD = "gnu++14";
				CLANG_CXX_LIBRARY = "libc++";
				CLANG_ENABLE_MODULES = YES;
				CLANG_ENABLE_OBJC_ARC = YES;
				CLANG_ENABLE_OBJC_WEAK = YES;
				CLANG_WARN_BLOCK_CAPTURE_AUTORELEASING = YES;
				CLANG_WARN_BOOL_CONVERSION = YES;
				CLANG_WARN_COMMA = YES;
				CLANG_WARN_CONSTANT_CONVERSION = YES;
				CLANG_WARN_DEPRECATED_OBJC_IMPLEMENTATIONS = YES;
				CLANG_WARN_DIRECT_OBJC_ISA_USAGE = YES_ERROR;
				CLANG_WARN_DOCUMENTATION_COMMENTS = YES;
				CLANG_WARN_EMPTY_BODY = YES;
				CLANG_WARN_ENUM_CONVERSION = YES;
				CLANG_WARN_INFINITE_RECURSION = YES;
				CLANG_WARN_INT_CONVERSION = YES;
				CLANG_WARN_NON_LITERAL_NULL_CONVERSION = YES;
				CLANG_WARN_OBJC_IMPLICIT_RETAIN_SELF = YES;
				CLANG_WARN_OBJC_LITERAL_CONVERSION = YES;
				CLANG_WARN_OBJC_ROOT_CLASS = YES_ERROR;
				CLANG_WARN_RANGE_LOOP_ANALYSIS = YES;
				CLANG_WARN_STRICT_PROTOTYPES = YES;
				CLANG_WARN_SUSPICIOUS_MOVE = YES;
				CLANG_WARN_UNGUARDED_AVAILABILITY = YES_AGGRESSIVE;
				CLANG_WARN_UNREACHABLE_CODE = YES;
				CLANG_WARN__DUPLICATE_METHOD_MATCH = YES;
				CODE_SIGN_IDENTITY = "iPhone Developer";
				COPY_PHASE_STRIP = NO;
				DEBUG_INFORMATION_FORMAT = "dwarf-with-dsym";
				ENABLE_NS_ASSERTIONS = NO;
				ENABLE_STRICT_OBJC_MSGSEND = YES;
				GCC_C_LANGUAGE_STANDARD = gnu11;
				GCC_NO_COMMON_BLOCKS = YES;
				GCC_WARN_64_TO_32_BIT_CONVERSION = YES;
				GCC_WARN_ABOUT_RETURN_TYPE = YES_ERROR;
				GCC_WARN_UNDECLARED_SELECTOR = YES;
				GCC_WARN_UNINITIALIZED_AUTOS = YES_AGGRESSIVE;
				GCC_WARN_UNUSED_FUNCTION = YES;
				GCC_WARN_UNUSED_VARIABLE = YES;
				IPHONEOS_DEPLOYMENT_TARGET = 11.4;
				MTL_ENABLE_DEBUG_INFO = NO;
				SDKROOT = iphoneos;
				SWIFT_COMPILATION_MODE = wholemodule;
				SWIFT_OPTIMIZATION_LEVEL = "-O";
				VALIDATE_PRODUCT = YES;
			};
			name = Release;
		};
		C83A428520F9836100B0A804 /* Debug */ = {
			isa = XCBuildConfiguration;
			buildSettings = {
				ASSETCATALOG_COMPILER_APPICON_NAME = AppIcon;
				CODE_SIGN_STYLE = Automatic;
				DEVELOPMENT_TEAM = UD6C266P2N;
				INFOPLIST_FILE = "$(SRCROOT)/DermatologyCamera/Info.plist";
				LD_RUNPATH_SEARCH_PATHS = (
					"$(inherited)",
					"@executable_path/Frameworks",
				);
				PRODUCT_BUNDLE_IDENTIFIER = "Warren-Wang.DermatologyCamera";
				PRODUCT_NAME = "$(TARGET_NAME)";
				SWIFT_VERSION = 4.0;
				TARGETED_DEVICE_FAMILY = "1,2";
			};
			name = Debug;
		};
		C83A428620F9836100B0A804 /* Release */ = {
			isa = XCBuildConfiguration;
			buildSettings = {
				ASSETCATALOG_COMPILER_APPICON_NAME = AppIcon;
				CODE_SIGN_STYLE = Automatic;
				DEVELOPMENT_TEAM = UD6C266P2N;
				INFOPLIST_FILE = "$(SRCROOT)/DermatologyCamera/Info.plist";
				LD_RUNPATH_SEARCH_PATHS = (
					"$(inherited)",
					"@executable_path/Frameworks",
				);
				PRODUCT_BUNDLE_IDENTIFIER = "Warren-Wang.DermatologyCamera";
				PRODUCT_NAME = "$(TARGET_NAME)";
				SWIFT_VERSION = 4.0;
				TARGETED_DEVICE_FAMILY = "1,2";
			};
			name = Release;
		};
/* End XCBuildConfiguration section */

/* Begin XCConfigurationList section */
		C83A426D20F9836100B0A804 /* Build configuration list for PBXProject "DermatologyCamera" */ = {
			isa = XCConfigurationList;
			buildConfigurations = (
				C83A428220F9836100B0A804 /* Debug */,
				C83A428320F9836100B0A804 /* Release */,
			);
			defaultConfigurationIsVisible = 0;
			defaultConfigurationName = Release;
		};
		C83A428420F9836100B0A804 /* Build configuration list for PBXNativeTarget "DermatologyCamera" */ = {
			isa = XCConfigurationList;
			buildConfigurations = (
				C83A428520F9836100B0A804 /* Debug */,
				C83A428620F9836100B0A804 /* Release */,
			);
			defaultConfigurationIsVisible = 0;
			defaultConfigurationName = Release;
		};
/* End XCConfigurationList section */
	};
	rootObject = C83A426A20F9836100B0A804 /* Project object */;
}
